
Microsoft Visual Studio Solution File, Format Version 12.00
# Visual Studio Version 17
VisualStudioVersion = 17.7.34024.191
MinimumVisualStudioVersion = 10.0.40219.1
Project("{FAE04EC0-301F-11D3-BF4B-00C04F79EFBC}") = "ListTasks_GaraiGabor", "ListTasks_GaraiGabor\ListTasks_GaraiGabor.csproj", "{AA91F04B-EE3A-4BCF-A170-AA04D87C5469}"
EndProject
Global
	GlobalSection(SolutionConfigurationPlatforms) = preSolution
		Debug|Any CPU = Debug|Any CPU
		Release|Any CPU = Release|Any CPU
	EndGlobalSection
	GlobalSection(ProjectConfigurationPlatforms) = postSolution
		{AA91F04B-EE3A-4BCF-A170-AA04D87C5469}.Debug|Any CPU.ActiveCfg = Debug|Any CPU
		{AA91F04B-EE3A-4BCF-A170-AA04D87C5469}.Debug|Any CPU.Build.0 = Debug|Any CPU
		{AA91F04B-EE3A-4BCF-A170-AA04D87C5469}.Release|Any CPU.ActiveCfg = Release|Any CPU
		{AA91F04B-EE3A-4BCF-A170-AA04D87C5469}.Release|Any CPU.Build.0 = Release|Any CPU
	EndGlobalSection
	GlobalSection(SolutionProperties) = preSolution
		HideSolutionNode = FALSE
	EndGlobalSection
	GlobalSection(ExtensibilityGlobals) = postSolution
		SolutionGuid = {FFB5A628-F82D-4629-B4AB-7F18E99FD471}
	EndGlobalSection
EndGlobal
